{
  "version": 4,
  "terraform_version": "1.9.2",
  "serial": 1,
  "lineage": "c33e70d1-0b33-04ba-ac9a-c8461df91c5f",
  "outputs": {},
  "resources": [
    {
      "mode": "managed",
      "type": "spotify_playlist",
      "name": "Bollywood",
      "provider": "provider[\"registry.terraform.io/conradludgate/spotify\"]",
      "instances": [
        {
          "schema_version": 0,
          "attributes": {
            "description": null,
            "id": "3yBrVa7Ww2VdMpfMYWI77x",
            "name": "Bollywood",
            "public": true,
            "snapshot_id": "AAAAAjand0PhODZaGPbk0DQypzcGh6cG",
            "tracks": [
              "4PTG3Z6ehGkBFwjybzWkR8"
            ]
          },
          "sensitive_attributes": [],
          "private": "bnVsbA=="
        }
      ]
    }
  ],
  "check_results": null
}
